{
  "checksum": "e158ceb8d186ffe752fc5a51721aaba212e34bc209cfb3aa0eb03eb8173f57d7",
  "crates": {
    "bitflags 1.3.2": {
      "name": "bitflags",
      "version": "1.3.2",
      "repository": {
        "Http": {
          "url": "https://crates.io/api/v1/crates/bitflags/1.3.2/download",
          "sha256": "bef38d45163c2f1dde094a7dfd33ccf595c92905c8f8f4fdc18d06fb1037718a"
        }
      },
      "targets": [
        {
          "Library": {
            "crate_name": "bitflags",
            "crate_root": "src/lib.rs",
            "srcs": {
              "include": [
                "**/*.rs"
              ],
              "exclude": []
            }
          }
        }
      ],
      "library_target_name": "bitflags",
      "common_attrs": {
        "compile_data_glob": [
          "**"
        ],
        "crate_features": [
          "default"
        ],
        "edition": "2018",
        "version": "1.3.2"
      },
      "license": "MIT/Apache-2.0"
    },
    "cfg-if 1.0.0": {
      "name": "cfg-if",
      "version": "1.0.0",
      "repository": {
        "Http": {
          "url": "https://crates.io/api/v1/crates/cfg-if/1.0.0/download",
          "sha256": "baf1de4339761588bc0619e3cbc0120ee582ebb74b53b4efbf79117bd2da40fd"
        }
      },
      "targets": [
        {
          "Library": {
            "crate_name": "cfg_if",
            "crate_root": "src/lib.rs",
            "srcs": {
              "include": [
                "**/*.rs"
              ],
              "exclude": []
            }
          }
        }
      ],
      "library_target_name": "cfg_if",
      "common_attrs": {
        "compile_data_glob": [
          "**"
        ],
        "edition": "2018",
        "version": "1.0.0"
      },
      "license": "MIT/Apache-2.0"
    },
    "direct-cargo-bazel-deps 0.0.1": {
      "name": "direct-cargo-bazel-deps",
      "version": "0.0.1",
      "repository": null,
      "targets": [
        {
          "Library": {
            "crate_name": "direct_cargo_bazel_deps",
            "crate_root": ".direct_cargo_bazel_deps.rs",
            "srcs": {
              "include": [
                "**/*.rs"
              ],
              "exclude": []
            }
          }
        }
      ],
      "library_target_name": "direct_cargo_bazel_deps",
      "common_attrs": {
        "compile_data_glob": [
          "**"
        ],
        "deps": {
          "common": [
            {
              "id": "swift-bridge 0.1.48",
              "target": "swift_bridge"
            },
            {
              "id": "swift-bridge-build 0.1.48",
              "target": "swift_bridge_build"
            }
          ],
          "selects": {}
        },
        "edition": "2018",
        "version": "0.0.1"
      },
      "license": null
    },
    "fastrand 1.8.0": {
      "name": "fastrand",
      "version": "1.8.0",
      "repository": {
        "Http": {
          "url": "https://crates.io/api/v1/crates/fastrand/1.8.0/download",
          "sha256": "a7a407cfaa3385c4ae6b23e84623d48c2798d06e3e6a1878f7f59f17b3f86499"
        }
      },
      "targets": [
        {
          "Library": {
            "crate_name": "fastrand",
            "crate_root": "src/lib.rs",
            "srcs": {
              "include": [
                "**/*.rs"
              ],
              "exclude": []
            }
          }
        }
      ],
      "library_target_name": "fastrand",
      "common_attrs": {
        "compile_data_glob": [
          "**"
        ],
        "deps": {
          "common": [],
          "selects": {
            "cfg(target_arch = \"wasm32\")": [
              {
                "id": "instant 0.1.12",
                "target": "instant"
              }
            ]
          }
        },
        "edition": "2018",
        "version": "1.8.0"
      },
      "license": "Apache-2.0 OR MIT"
    },
    "instant 0.1.12": {
      "name": "instant",
      "version": "0.1.12",
      "repository": {
        "Http": {
          "url": "https://crates.io/api/v1/crates/instant/0.1.12/download",
          "sha256": "7a5bbe824c507c5da5956355e86a746d82e0e1464f65d862cc5e71da70e94b2c"
        }
      },
      "targets": [
        {
          "Library": {
            "crate_name": "instant",
            "crate_root": "src/lib.rs",
            "srcs": {
              "include": [
                "**/*.rs"
              ],
              "exclude": []
            }
          }
        }
      ],
      "library_target_name": "instant",
      "common_attrs": {
        "compile_data_glob": [
          "**"
        ],
        "deps": {
          "common": [
            {
              "id": "cfg-if 1.0.0",
              "target": "cfg_if"
            }
          ],
          "selects": {}
        },
        "edition": "2018",
        "version": "0.1.12"
      },
      "license": "BSD-3-Clause"
    },
    "libc 0.2.139": {
      "name": "libc",
      "version": "0.2.139",
      "repository": {
        "Http": {
          "url": "https://crates.io/api/v1/crates/libc/0.2.139/download",
          "sha256": "201de327520df007757c1f0adce6e827fe8562fbc28bfd9c15571c66ca1f5f79"
        }
      },
      "targets": [
        {
          "Library": {
            "crate_name": "libc",
            "crate_root": "src/lib.rs",
            "srcs": {
              "include": [
                "**/*.rs"
              ],
              "exclude": []
            }
          }
        },
        {
          "BuildScript": {
            "crate_name": "build_script_build",
            "crate_root": "build.rs",
            "srcs": {
              "include": [
                "**/*.rs"
              ],
              "exclude": []
            }
          }
        }
      ],
      "library_target_name": "libc",
      "common_attrs": {
        "compile_data_glob": [
          "**"
        ],
        "crate_features": [
          "default",
          "std"
        ],
        "deps": {
          "common": [
            {
              "id": "libc 0.2.139",
              "target": "build_script_build"
            }
          ],
          "selects": {}
        },
        "edition": "2015",
        "version": "0.2.139"
      },
      "build_script_attrs": {
        "data_glob": [
          "**"
        ]
      },
      "license": "MIT OR Apache-2.0"
    },
    "proc-macro2 1.0.51": {
      "name": "proc-macro2",
      "version": "1.0.51",
      "repository": {
        "Http": {
          "url": "https://crates.io/api/v1/crates/proc-macro2/1.0.51/download",
          "sha256": "5d727cae5b39d21da60fa540906919ad737832fe0b1c165da3a34d6548c849d6"
        }
      },
      "targets": [
        {
          "Library": {
            "crate_name": "proc_macro2",
            "crate_root": "src/lib.rs",
            "srcs": {
              "include": [
                "**/*.rs"
              ],
              "exclude": []
            }
          }
        },
        {
          "BuildScript": {
            "crate_name": "build_script_build",
            "crate_root": "build.rs",
            "srcs": {
              "include": [
                "**/*.rs"
              ],
              "exclude": []
            }
          }
        }
      ],
      "library_target_name": "proc_macro2",
      "common_attrs": {
        "compile_data_glob": [
          "**"
        ],
        "crate_features": [
          "default",
          "proc-macro"
        ],
        "deps": {
          "common": [
            {
              "id": "proc-macro2 1.0.51",
              "target": "build_script_build"
            },
            {
              "id": "unicode-ident 1.0.6",
              "target": "unicode_ident"
            }
          ],
          "selects": {}
        },
        "edition": "2018",
        "version": "1.0.51"
      },
      "build_script_attrs": {
        "data_glob": [
          "**"
        ]
      },
      "license": "MIT OR Apache-2.0"
    },
    "quote 1.0.23": {
      "name": "quote",
      "version": "1.0.23",
      "repository": {
        "Http": {
          "url": "https://crates.io/api/v1/crates/quote/1.0.23/download",
          "sha256": "8856d8364d252a14d474036ea1358d63c9e6965c8e5c1885c18f73d70bff9c7b"
        }
      },
      "targets": [
        {
          "Library": {
            "crate_name": "quote",
            "crate_root": "src/lib.rs",
            "srcs": {
              "include": [
                "**/*.rs"
              ],
              "exclude": []
            }
          }
        },
        {
          "BuildScript": {
            "crate_name": "build_script_build",
            "crate_root": "build.rs",
            "srcs": {
              "include": [
                "**/*.rs"
              ],
              "exclude": []
            }
          }
        }
      ],
      "library_target_name": "quote",
      "common_attrs": {
        "compile_data_glob": [
          "**"
        ],
        "crate_features": [
          "default",
          "proc-macro"
        ],
        "deps": {
          "common": [
            {
              "id": "proc-macro2 1.0.51",
              "target": "proc_macro2"
            },
            {
              "id": "quote 1.0.23",
              "target": "build_script_build"
            }
          ],
          "selects": {}
        },
        "edition": "2018",
        "version": "1.0.23"
      },
      "build_script_attrs": {
        "data_glob": [
          "**"
        ]
      },
      "license": "MIT OR Apache-2.0"
    },
    "redox_syscall 0.2.16": {
      "name": "redox_syscall",
      "version": "0.2.16",
      "repository": {
        "Http": {
          "url": "https://crates.io/api/v1/crates/redox_syscall/0.2.16/download",
          "sha256": "fb5a58c1855b4b6819d59012155603f0b22ad30cad752600aadfcb695265519a"
        }
      },
      "targets": [
        {
          "Library": {
            "crate_name": "syscall",
            "crate_root": "src/lib.rs",
            "srcs": {
              "include": [
                "**/*.rs"
              ],
              "exclude": []
            }
          }
        }
      ],
      "library_target_name": "syscall",
      "common_attrs": {
        "compile_data_glob": [
          "**"
        ],
        "deps": {
          "common": [
            {
              "id": "bitflags 1.3.2",
              "target": "bitflags"
            }
          ],
          "selects": {}
        },
        "edition": "2018",
        "version": "0.2.16"
      },
      "license": "MIT"
    },
    "remove_dir_all 0.5.3": {
      "name": "remove_dir_all",
      "version": "0.5.3",
      "repository": {
        "Http": {
          "url": "https://crates.io/api/v1/crates/remove_dir_all/0.5.3/download",
          "sha256": "3acd125665422973a33ac9d3dd2df85edad0f4ae9b00dafb1a05e43a9f5ef8e7"
        }
      },
      "targets": [
        {
          "Library": {
            "crate_name": "remove_dir_all",
            "crate_root": "src/lib.rs",
            "srcs": {
              "include": [
                "**/*.rs"
              ],
              "exclude": []
            }
          }
        }
      ],
      "library_target_name": "remove_dir_all",
      "common_attrs": {
        "compile_data_glob": [
          "**"
        ],
        "deps": {
          "common": [],
          "selects": {
            "cfg(windows)": [
              {
                "id": "winapi 0.3.9",
                "target": "winapi"
              }
            ]
          }
        },
        "edition": "2015",
        "version": "0.5.3"
      },
      "license": "MIT/Apache-2.0"
    },
    "swift-bridge 0.1.48": {
      "name": "swift-bridge",
      "version": "0.1.48",
      "repository": {
        "Http": {
          "url": "https://crates.io/api/v1/crates/swift-bridge/0.1.48/download",
          "sha256": "42e201747e3ddaed7ed27d8f7d6d331cae7b2f249e10a069b4c5766dae279ae8"
        }
      },
      "targets": [
        {
          "Library": {
            "crate_name": "swift_bridge",
            "crate_root": "src/lib.rs",
            "srcs": {
              "include": [
                "**/*.rs"
              ],
              "exclude": []
            }
          }
        }
      ],
      "library_target_name": "swift_bridge",
      "common_attrs": {
        "compile_data_glob": [
          "**"
        ],
        "crate_features": [
          "default"
        ],
        "edition": "2021",
        "proc_macro_deps": {
          "common": [
            {
              "id": "swift-bridge-macro 0.1.48",
              "target": "swift_bridge_macro"
            }
          ],
          "selects": {}
        },
        "version": "0.1.48"
      },
      "license": "Apache-2.0/MIT"
    },
    "swift-bridge-build 0.1.48": {
      "name": "swift-bridge-build",
      "version": "0.1.48",
      "repository": {
        "Http": {
          "url": "https://crates.io/api/v1/crates/swift-bridge-build/0.1.48/download",
          "sha256": "c6a6b9fc053fb282e370bf771ca4ca27b5b75e0e460f7bee9e0ae841d62a0ab8"
        }
      },
      "targets": [
        {
          "Library": {
            "crate_name": "swift_bridge_build",
            "crate_root": "src/lib.rs",
            "srcs": {
              "include": [
                "**/*.rs"
              ],
              "exclude": []
            }
          }
        }
      ],
      "library_target_name": "swift_bridge_build",
      "common_attrs": {
        "compile_data_glob": [
          "**"
        ],
        "deps": {
          "common": [
            {
              "id": "proc-macro2 1.0.51",
              "target": "proc_macro2"
            },
            {
              "id": "swift-bridge-ir 0.1.48",
              "target": "swift_bridge_ir"
            },
            {
              "id": "syn 1.0.107",
              "target": "syn"
            },
            {
              "id": "tempfile 3.3.0",
              "target": "tempfile"
            }
          ],
          "selects": {}
        },
        "edition": "2021",
        "version": "0.1.48"
      },
      "license": "Apache-2.0/MIT"
    },
    "swift-bridge-ir 0.1.48": {
      "name": "swift-bridge-ir",
      "version": "0.1.48",
      "repository": {
        "Http": {
          "url": "https://crates.io/api/v1/crates/swift-bridge-ir/0.1.48/download",
          "sha256": "4617f6ac8adf523a766b33fe9c9dfdc1c5caccad9bf02d8870e18d49e63e1fab"
        }
      },
      "targets": [
        {
          "Library": {
            "crate_name": "swift_bridge_ir",
            "crate_root": "src/lib.rs",
            "srcs": {
              "include": [
                "**/*.rs"
              ],
              "exclude": []
            }
          }
        }
      ],
      "library_target_name": "swift_bridge_ir",
      "common_attrs": {
        "compile_data_glob": [
          "**"
        ],
        "deps": {
          "common": [
            {
              "id": "proc-macro2 1.0.51",
              "target": "proc_macro2"
            },
            {
              "id": "quote 1.0.23",
              "target": "quote"
            },
            {
              "id": "syn 1.0.107",
              "target": "syn"
            }
          ],
          "selects": {}
        },
        "edition": "2021",
        "version": "0.1.48"
      },
      "license": "Apache-2.0/MIT"
    },
    "swift-bridge-macro 0.1.48": {
      "name": "swift-bridge-macro",
      "version": "0.1.48",
      "repository": {
        "Http": {
          "url": "https://crates.io/api/v1/crates/swift-bridge-macro/0.1.48/download",
          "sha256": "bd19026297632faaf4f47cb41a8f030e06b4404becb4d881713e7868451d2a8a"
        }
      },
      "targets": [
        {
          "ProcMacro": {
            "crate_name": "swift_bridge_macro",
            "crate_root": "src/lib.rs",
            "srcs": {
              "include": [
                "**/*.rs"
              ],
              "exclude": []
            }
          }
        }
      ],
      "library_target_name": "swift_bridge_macro",
      "common_attrs": {
        "compile_data_glob": [
          "**"
        ],
        "deps": {
          "common": [
            {
              "id": "proc-macro2 1.0.51",
              "target": "proc_macro2"
            },
            {
              "id": "quote 1.0.23",
              "target": "quote"
            },
            {
              "id": "swift-bridge-ir 0.1.48",
              "target": "swift_bridge_ir"
            },
            {
              "id": "syn 1.0.107",
              "target": "syn"
            }
          ],
          "selects": {}
        },
        "edition": "2021",
        "version": "0.1.48"
      },
      "license": "Apache-2.0/MIT"
    },
    "syn 1.0.107": {
      "name": "syn",
      "version": "1.0.107",
      "repository": {
        "Http": {
          "url": "https://crates.io/api/v1/crates/syn/1.0.107/download",
          "sha256": "1f4064b5b16e03ae50984a5a8ed5d4f8803e6bc1fd170a3cda91a1be4b18e3f5"
        }
      },
      "targets": [
        {
          "Library": {
            "crate_name": "syn",
            "crate_root": "src/lib.rs",
            "srcs": {
              "include": [
                "**/*.rs"
              ],
              "exclude": []
            }
          }
        },
        {
          "BuildScript": {
            "crate_name": "build_script_build",
            "crate_root": "build.rs",
            "srcs": {
              "include": [
                "**/*.rs"
              ],
              "exclude": []
            }
          }
        }
      ],
      "library_target_name": "syn",
      "common_attrs": {
        "compile_data_glob": [
          "**"
        ],
        "crate_features": [
          "clone-impls",
          "default",
          "derive",
          "full",
          "parsing",
          "printing",
          "proc-macro",
          "quote"
        ],
        "deps": {
          "common": [
            {
              "id": "proc-macro2 1.0.51",
              "target": "proc_macro2"
            },
            {
              "id": "quote 1.0.23",
              "target": "quote"
            },
            {
              "id": "syn 1.0.107",
              "target": "build_script_build"
            },
            {
              "id": "unicode-ident 1.0.6",
              "target": "unicode_ident"
            }
          ],
          "selects": {}
        },
        "edition": "2018",
        "version": "1.0.107"
      },
      "build_script_attrs": {
        "data_glob": [
          "**"
        ]
      },
      "license": "MIT OR Apache-2.0"
    },
    "tempfile 3.3.0": {
      "name": "tempfile",
      "version": "3.3.0",
      "repository": {
        "Http": {
          "url": "https://crates.io/api/v1/crates/tempfile/3.3.0/download",
          "sha256": "5cdb1ef4eaeeaddc8fbd371e5017057064af0911902ef36b39801f67cc6d79e4"
        }
      },
      "targets": [
        {
          "Library": {
            "crate_name": "tempfile",
            "crate_root": "src/lib.rs",
            "srcs": {
              "include": [
                "**/*.rs"
              ],
              "exclude": []
            }
          }
        }
      ],
      "library_target_name": "tempfile",
      "common_attrs": {
        "compile_data_glob": [
          "**"
        ],
        "deps": {
          "common": [
            {
              "id": "cfg-if 1.0.0",
              "target": "cfg_if"
            },
            {
              "id": "fastrand 1.8.0",
              "target": "fastrand"
            },
            {
              "id": "remove_dir_all 0.5.3",
              "target": "remove_dir_all"
            }
          ],
          "selects": {
            "cfg(any(unix, target_os = \"wasi\"))": [
              {
                "id": "libc 0.2.139",
                "target": "libc"
              }
            ],
            "cfg(target_os = \"redox\")": [
              {
                "id": "redox_syscall 0.2.16",
                "target": "syscall"
              }
            ],
            "cfg(windows)": [
              {
                "id": "winapi 0.3.9",
                "target": "winapi"
              }
            ]
          }
        },
        "edition": "2018",
        "version": "3.3.0"
      },
      "license": "MIT OR Apache-2.0"
    },
    "unicode-ident 1.0.6": {
      "name": "unicode-ident",
      "version": "1.0.6",
      "repository": {
        "Http": {
          "url": "https://crates.io/api/v1/crates/unicode-ident/1.0.6/download",
          "sha256": "84a22b9f218b40614adcb3f4ff08b703773ad44fa9423e4e0d346d5db86e4ebc"
        }
      },
      "targets": [
        {
          "Library": {
            "crate_name": "unicode_ident",
            "crate_root": "src/lib.rs",
            "srcs": {
              "include": [
                "**/*.rs"
              ],
              "exclude": []
            }
          }
        }
      ],
      "library_target_name": "unicode_ident",
      "common_attrs": {
        "compile_data_glob": [
          "**"
        ],
        "edition": "2018",
        "version": "1.0.6"
      },
      "license": "(MIT OR Apache-2.0) AND Unicode-DFS-2016"
    },
    "winapi 0.3.9": {
      "name": "winapi",
      "version": "0.3.9",
      "repository": {
        "Http": {
          "url": "https://crates.io/api/v1/crates/winapi/0.3.9/download",
          "sha256": "5c839a674fcd7a98952e593242ea400abe93992746761e38641405d28b00f419"
        }
      },
      "targets": [
        {
          "Library": {
            "crate_name": "winapi",
            "crate_root": "src/lib.rs",
            "srcs": {
              "include": [
                "**/*.rs"
              ],
              "exclude": []
            }
          }
        },
        {
          "BuildScript": {
            "crate_name": "build_script_build",
            "crate_root": "build.rs",
            "srcs": {
              "include": [
                "**/*.rs"
              ],
              "exclude": []
            }
          }
        }
      ],
      "library_target_name": "winapi",
      "common_attrs": {
        "compile_data_glob": [
          "**"
        ],
        "crate_features": [
          "errhandlingapi",
          "fileapi",
          "handleapi",
          "std",
          "winbase",
          "winerror"
        ],
        "deps": {
          "common": [
            {
              "id": "winapi 0.3.9",
              "target": "build_script_build"
            }
          ],
          "selects": {
            "i686-pc-windows-gnu": [
              {
                "id": "winapi-i686-pc-windows-gnu 0.4.0",
                "target": "winapi_i686_pc_windows_gnu"
              }
            ],
            "x86_64-pc-windows-gnu": [
              {
                "id": "winapi-x86_64-pc-windows-gnu 0.4.0",
                "target": "winapi_x86_64_pc_windows_gnu"
              }
            ]
          }
        },
        "edition": "2015",
        "version": "0.3.9"
      },
      "build_script_attrs": {
        "data_glob": [
          "**"
        ]
      },
      "license": "MIT/Apache-2.0"
    },
    "winapi-i686-pc-windows-gnu 0.4.0": {
      "name": "winapi-i686-pc-windows-gnu",
      "version": "0.4.0",
      "repository": {
        "Http": {
          "url": "https://crates.io/api/v1/crates/winapi-i686-pc-windows-gnu/0.4.0/download",
          "sha256": "ac3b87c63620426dd9b991e5ce0329eff545bccbbb34f3be09ff6fb6ab51b7b6"
        }
      },
      "targets": [
        {
          "Library": {
            "crate_name": "winapi_i686_pc_windows_gnu",
            "crate_root": "src/lib.rs",
            "srcs": {
              "include": [
                "**/*.rs"
              ],
              "exclude": []
            }
          }
        },
        {
          "BuildScript": {
            "crate_name": "build_script_build",
            "crate_root": "build.rs",
            "srcs": {
              "include": [
                "**/*.rs"
              ],
              "exclude": []
            }
          }
        }
      ],
      "library_target_name": "winapi_i686_pc_windows_gnu",
      "common_attrs": {
        "compile_data_glob": [
          "**"
        ],
        "deps": {
          "common": [
            {
              "id": "winapi-i686-pc-windows-gnu 0.4.0",
              "target": "build_script_build"
            }
          ],
          "selects": {}
        },
        "edition": "2015",
        "version": "0.4.0"
      },
      "build_script_attrs": {
        "data_glob": [
          "**"
        ]
      },
      "license": "MIT/Apache-2.0"
    },
    "winapi-x86_64-pc-windows-gnu 0.4.0": {
      "name": "winapi-x86_64-pc-windows-gnu",
      "version": "0.4.0",
      "repository": {
        "Http": {
          "url": "https://crates.io/api/v1/crates/winapi-x86_64-pc-windows-gnu/0.4.0/download",
          "sha256": "712e227841d057c1ee1cd2fb22fa7e5a5461ae8e48fa2ca79ec42cfc1931183f"
        }
      },
      "targets": [
        {
          "Library": {
            "crate_name": "winapi_x86_64_pc_windows_gnu",
            "crate_root": "src/lib.rs",
            "srcs": {
              "include": [
                "**/*.rs"
              ],
              "exclude": []
            }
          }
        },
        {
          "BuildScript": {
            "crate_name": "build_script_build",
            "crate_root": "build.rs",
            "srcs": {
              "include": [
                "**/*.rs"
              ],
              "exclude": []
            }
          }
        }
      ],
      "library_target_name": "winapi_x86_64_pc_windows_gnu",
      "common_attrs": {
        "compile_data_glob": [
          "**"
        ],
        "deps": {
          "common": [
            {
              "id": "winapi-x86_64-pc-windows-gnu 0.4.0",
              "target": "build_script_build"
            }
          ],
          "selects": {}
        },
        "edition": "2015",
        "version": "0.4.0"
      },
      "build_script_attrs": {
        "data_glob": [
          "**"
        ]
      },
      "license": "MIT/Apache-2.0"
    }
  },
  "binary_crates": [],
  "workspace_members": {
    "direct-cargo-bazel-deps 0.0.1": ""
  },
  "conditions": {
    "cfg(any(unix, target_os = \"wasi\"))": [
      "aarch64-apple-darwin",
      "aarch64-apple-ios",
      "aarch64-apple-ios-sim",
      "aarch64-linux-android",
      "aarch64-unknown-linux-gnu",
      "arm-unknown-linux-gnueabi",
      "armv7-linux-androideabi",
      "armv7-unknown-linux-gnueabi",
      "i686-apple-darwin",
      "i686-linux-android",
      "i686-unknown-freebsd",
      "i686-unknown-linux-gnu",
      "powerpc-unknown-linux-gnu",
      "s390x-unknown-linux-gnu",
      "wasm32-wasi",
      "x86_64-apple-darwin",
      "x86_64-apple-ios",
      "x86_64-linux-android",
      "x86_64-unknown-freebsd",
      "x86_64-unknown-linux-gnu"
    ],
    "cfg(target_arch = \"wasm32\")": [
      "wasm32-unknown-unknown",
      "wasm32-wasi"
    ],
    "cfg(target_os = \"redox\")": [],
    "cfg(windows)": [
      "i686-pc-windows-msvc",
      "x86_64-pc-windows-msvc"
    ],
    "i686-pc-windows-gnu": [],
    "x86_64-pc-windows-gnu": []
  }
}
